
Microsoft Visual Studio Solution File, Format Version 12.00
# Visual Studio Version 17
VisualStudioVersion = 17.3.32922.545
MinimumVisualStudioVersion = 10.0.40219.1
Project("{9A19103F-16F7-4668-BE54-9A1E7A4F7556}") = "CorporatePrayroll", "CorporatePrayroll\CorporatePrayroll.csproj", "{0578C6F2-A1B3-49FE-ABCF-6CCA0320D4A5}"
EndProject
Project("{9A19103F-16F7-4668-BE54-9A1E7A4F7556}") = "CorporatePrayroll.Tests", "CorporatePrayroll.Tests\CorporatePrayroll.Tests.csproj", "{2603DBA6-55EE-493F-B20A-669BFF34913D}"
EndProject
Project("{FAE04EC0-301F-11D3-BF4B-00C04F79EFBC}") = "Seeder", "Seeder\Seeder.csproj", "{843D10A3-57CE-4D61-83D6-F08EBFB72EEF}"
EndProject
Global
	GlobalSection(SolutionConfigurationPlatforms) = preSolution
		Debug|Any CPU = Debug|Any CPU
		Release|Any CPU = Release|Any CPU
	EndGlobalSection
	GlobalSection(ProjectConfigurationPlatforms) = postSolution
		{0578C6F2-A1B3-49FE-ABCF-6CCA0320D4A5}.Debug|Any CPU.ActiveCfg = Debug|Any CPU
		{0578C6F2-A1B3-49FE-ABCF-6CCA0320D4A5}.Debug|Any CPU.Build.0 = Debug|Any CPU
		{0578C6F2-A1B3-49FE-ABCF-6CCA0320D4A5}.Release|Any CPU.ActiveCfg = Release|Any CPU
		{0578C6F2-A1B3-49FE-ABCF-6CCA0320D4A5}.Release|Any CPU.Build.0 = Release|Any CPU
		{2603DBA6-55EE-493F-B20A-669BFF34913D}.Debug|Any CPU.ActiveCfg = Debug|Any CPU
		{2603DBA6-55EE-493F-B20A-669BFF34913D}.Debug|Any CPU.Build.0 = Debug|Any CPU
		{2603DBA6-55EE-493F-B20A-669BFF34913D}.Release|Any CPU.ActiveCfg = Release|Any CPU
		{2603DBA6-55EE-493F-B20A-669BFF34913D}.Release|Any CPU.Build.0 = Release|Any CPU
		{843D10A3-57CE-4D61-83D6-F08EBFB72EEF}.Debug|Any CPU.ActiveCfg = Debug|Any CPU
		{843D10A3-57CE-4D61-83D6-F08EBFB72EEF}.Debug|Any CPU.Build.0 = Debug|Any CPU
		{843D10A3-57CE-4D61-83D6-F08EBFB72EEF}.Release|Any CPU.ActiveCfg = Release|Any CPU
		{843D10A3-57CE-4D61-83D6-F08EBFB72EEF}.Release|Any CPU.Build.0 = Release|Any CPU
	EndGlobalSection
	GlobalSection(SolutionProperties) = preSolution
		HideSolutionNode = FALSE
	EndGlobalSection
	GlobalSection(ExtensibilityGlobals) = postSolution
		SolutionGuid = {443F82F7-2E81-4FEB-AE3A-9996FEAEDBDE}
	EndGlobalSection
EndGlobal
